// !$*UTF8*$!
{
	archiveVersion = 1;
	classes = {
	};
	objectVersion = 50;
	objects = {

/* Begin PBXBuildFile section */
		DF4A100222CA3BA80037E777 /* AppDelegate.m in Sources */ = {isa = PBXBuildFile; fileRef = DF4A100122CA3BA80037E777 /* AppDelegate.m */; };
		DF4A100422CA3BA90037E777 /* Assets.xcassets in Resources */ = {isa = PBXBuildFile; fileRef = DF4A100322CA3BA90037E777 /* Assets.xcassets */; };
		DF4A100722CA3BA90037E777 /* MainMenu.xib in Resources */ = {isa = PBXBuildFile; fileRef = DF4A100522CA3BA90037E777 /* MainMenu.xib */; };
		DF4A100A22CA3BA90037E777 /* main.m in Sources */ = {isa = PBXBuildFile; fileRef = DF4A100922CA3BA90037E777 /* main.m */; };
		DF4A101322CA3C730037E777 /* AVFoundation.framework in Frameworks */ = {isa = PBXBuildFile; fileRef = DF4A101222CA3C730037E777 /* AVFoundation.framework */; };
		DFF964B8234E77F0007E6D13 /* video.mp4 in Resources */ = {isa = PBXBuildFile; fileRef = DFF964B7234E77F0007E6D13 /* video.mp4 */; };
/* End PBXBuildFile section */

/* Begin PBXFileReference section */
		DF4A0FFD22CA3BA80037E777 /* TestAVPlayerGPU.app */ = {isa = PBXFileReference; explicitFileType = wrapper.application; includeInIndex = 0; path = TestAVPlayerGPU.app; sourceTree = BUILT_PRODUCTS_DIR; };
		DF4A100022CA3BA80037E777 /* AppDelegate.h */ = {isa = PBXFileReference; lastKnownFileType = sourcecode.c.h; path = AppDelegate.h; sourceTree = "<group>"; };
		DF4A100122CA3BA80037E777 /* AppDelegate.m */ = {isa = PBXFileReference; lastKnownFileType = sourcecode.c.objc; path = AppDelegate.m; sourceTree = "<group>"; };
		DF4A100322CA3BA90037E777 /* Assets.xcassets */ = {isa = PBXFileReference; lastKnownFileType = folder.assetcatalog; path = Assets.xcassets; sourceTree = "<group>"; };
		DF4A100622CA3BA90037E777 /* Base */ = {isa = PBXFileReference; lastKnownFileType = file.xib; name = Base; path = Base.lproj/MainMenu.xib; sourceTree = "<group>"; };
		DF4A100822CA3BA90037E777 /* Info.plist */ = {isa = PBXFileReference; lastKnownFileType = text.plist.xml; path = Info.plist; sourceTree = "<group>"; };
		DF4A100922CA3BA90037E777 /* main.m */ = {isa = PBXFileReference; lastKnownFileType = sourcecode.c.objc; path = main.m; sourceTree = "<group>"; };
		DF4A101222CA3C730037E777 /* AVFoundation.framework */ = {isa = PBXFileReference; lastKnownFileType = wrapper.framework; name = AVFoundation.framework; path = System/Library/Frameworks/AVFoundation.framework; sourceTree = SDKROOT; };
		DFF964B7234E77F0007E6D13 /* video.mp4 */ = {isa = PBXFileReference; lastKnownFileType = file; path = video.mp4; sourceTree = "<group>"; };
/* End PBXFileReference section */

/* Begin PBXFrameworksBuildPhase section */
		DF4A0FFA22CA3BA80037E777 /* Frameworks */ = {
			isa = PBXFrameworksBuildPhase;
			buildActionMask = 2147483647;
			files = (
				DF4A101322CA3C730037E777 /* AVFoundation.framework in Frameworks */,
			);
			runOnlyForDeploymentPostprocessing = 0;
		};
/* End PBXFrameworksBuildPhase section */

/* Begin PBXGroup section */
		DF4A0FF422CA3BA80037E777 = {
			isa = PBXGroup;
			children = (
				DF4A0FFF22CA3BA80037E777 /* TestAVPlayerGPU */,
				DF4A0FFE22CA3BA80037E777 /* Products */,
				DF4A101122CA3C730037E777 /* Frameworks */,
			);
			sourceTree = "<group>";
		};
		DF4A0FFE22CA3BA80037E777 /* Products */ = {
			isa = PBXGroup;
			children = (
				DF4A0FFD22CA3BA80037E777 /* TestAVPlayerGPU.app */,
			);
			name = Products;
			sourceTree = "<group>";
		};
		DF4A0FFF22CA3BA80037E777 /* TestAVPlayerGPU */ = {
			isa = PBXGroup;
			children = (
				DFF964B7234E77F0007E6D13 /* video.mp4 */,
				DF4A100022CA3BA80037E777 /* AppDelegate.h */,
				DF4A100122CA3BA80037E777 /* AppDelegate.m */,
				DF4A100322CA3BA90037E777 /* Assets.xcassets */,
				DF4A100522CA3BA90037E777 /* MainMenu.xib */,
				DF4A100822CA3BA90037E777 /* Info.plist */,
				DF4A100922CA3BA90037E777 /* main.m */,
			);
			path = TestAVPlayerGPU;
			sourceTree = "<group>";
		};
		DF4A101122CA3C730037E777 /* Frameworks */ = {
			isa = PBXGroup;
			children = (
				DF4A101222CA3C730037E777 /* AVFoundation.framework */,
			);
			name = Frameworks;
			sourceTree = "<group>";
		};
/* End PBXGroup section */

/* Begin PBXNativeTarget section */
		DF4A0FFC22CA3BA80037E777 /* TestAVPlayerGPU */ = {
			isa = PBXNativeTarget;
			buildConfigurationList = DF4A100E22CA3BA90037E777 /* Build configuration list for PBXNativeTarget "TestAVPlayerGPU" */;
			buildPhases = (
				DF4A0FF922CA3BA80037E777 /* Sources */,
				DF4A0FFA22CA3BA80037E777 /* Frameworks */,
				DF4A0FFB22CA3BA80037E777 /* Resources */,
			);
			buildRules = (
			);
			dependencies = (
			);
			name = TestAVPlayerGPU;
			productName = TestAVPlayerGPU;
			productReference = DF4A0FFD22CA3BA80037E777 /* TestAVPlayerGPU.app */;
			productType = "com.apple.product-type.application";
		};
/* End PBXNativeTarget section */

/* Begin PBXProject section */
		DF4A0FF522CA3BA80037E777 /* Project object */ = {
			isa = PBXProject;
			attributes = {
				LastUpgradeCheck = 0940;
				ORGANIZATIONNAME = "Philippe Chaurand";
				TargetAttributes = {
					DF4A0FFC22CA3BA80037E777 = {
						CreatedOnToolsVersion = 9.4;
						SystemCapabilities = {
							com.apple.Sandbox = {
								enabled = 0;
							};
						};
					};
				};
			};
			buildConfigurationList = DF4A0FF822CA3BA80037E777 /* Build configuration list for PBXProject "TestAVPlayerGPU" */;
			compatibilityVersion = "Xcode 9.3";
			developmentRegion = en;
			hasScannedForEncodings = 0;
			knownRegions = (
				en,
				Base,
			);
			mainGroup = DF4A0FF422CA3BA80037E777;
			productRefGroup = DF4A0FFE22CA3BA80037E777 /* Products */;
			projectDirPath = "";
			projectRoot = "";
			targets = (
				DF4A0FFC22CA3BA80037E777 /* TestAVPlayerGPU */,
			);
		};
/* End PBXProject section */

/* Begin PBXResourcesBuildPhase section */
		DF4A0FFB22CA3BA80037E777 /* Resources */ = {
			isa = PBXResourcesBuildPhase;
			buildActionMask = 2147483647;
			files = (
				DFF964B8234E77F0007E6D13 /* video.mp4 in Resources */,
				DF4A100422CA3BA90037E777 /* Assets.xcassets in Resources */,
				DF4A100722CA3BA90037E777 /* MainMenu.xib in Resources */,
			);
			runOnlyForDeploymentPostprocessing = 0;
		};
/* End PBXResourcesBuildPhase section */

/* Begin PBXSourcesBuildPhase section */
		DF4A0FF922CA3BA80037E777 /* Sources */ = {
			isa = PBXSourcesBuildPhase;
			buildActionMask = 2147483647;
			files = (
				DF4A100A22CA3BA90037E777 /* main.m in Sources */,
				DF4A100222CA3BA80037E777 /* AppDelegate.m in Sources */,
			);
			runOnlyForDeploymentPostprocessing = 0;
		};
/* End PBXSourcesBuildPhase section */

/* Begin PBXVariantGroup section */
		DF4A100522CA3BA90037E777 /* MainMenu.xib */ = {
			isa = PBXVariantGroup;
			children = (
				DF4A100622CA3BA90037E777 /* Base */,
			);
			name = MainMenu.xib;
			sourceTree = "<group>";
		};
/* End PBXVariantGroup section */

/* Begin XCBuildConfiguration section */
		DF4A100C22CA3BA90037E777 /* Debug */ = {
			isa = XCBuildConfiguration;
			buildSettings = {
				ALWAYS_SEARCH_USER_PATHS = NO;
				CLANG_ANALYZER_NONNULL = YES;
				CLANG_ANALYZER_NUMBER_OBJECT_CONVERSION = YES_AGGRESSIVE;
				CLANG_CXX_LANGUAGE_STANDARD = "gnu++14";
				CLANG_CXX_LIBRARY = "libc++";
				CLANG_ENABLE_MODULES = YES;
				CLANG_ENABLE_OBJC_ARC = YES;
				CLANG_ENABLE_OBJC_WEAK = YES;
				CLANG_WARN_BLOCK_CAPTURE_AUTORELEASING = YES;
				CLANG_WARN_BOOL_CONVERSION = YES;
				CLANG_WARN_COMMA = YES;
				CLANG_WARN_CONSTANT_CONVERSION = YES;
				CLANG_WARN_DEPRECATED_OBJC_IMPLEMENTATIONS = YES;
				CLANG_WARN_DIRECT_OBJC_ISA_USAGE = YES_ERROR;
				CLANG_WARN_DOCUMENTATION_COMMENTS = YES;
				CLANG_WARN_EMPTY_BODY = YES;
				CLANG_WARN_ENUM_CONVERSION = YES;
				CLANG_WARN_INFINITE_RECURSION = YES;
				CLANG_WARN_INT_CONVERSION = YES;
				CLANG_WARN_NON_LITERAL_NULL_CONVERSION = YES;
				CLANG_WARN_OBJC_IMPLICIT_RETAIN_SELF = YES;
				CLANG_WARN_OBJC_LITERAL_CONVERSION = YES;
				CLANG_WARN_OBJC_ROOT_CLASS = YES_ERROR;
				CLANG_WARN_RANGE_LOOP_ANALYSIS = YES;
				CLANG_WARN_STRICT_PROTOTYPES = YES;
				CLANG_WARN_SUSPICIOUS_MOVE = YES;
				CLANG_WARN_UNGUARDED_AVAILABILITY = YES_AGGRESSIVE;
				CLANG_WARN_UNREACHABLE_CODE = YES;
				CLANG_WARN__DUPLICATE_METHOD_MATCH = YES;
				CODE_SIGN_IDENTITY = "-";
				COPY_PHASE_STRIP = NO;
				DEBUG_INFORMATION_FORMAT = dwarf;
				ENABLE_STRICT_OBJC_MSGSEND = YES;
				ENABLE_TESTABILITY = YES;
				GCC_C_LANGUAGE_STANDARD = gnu11;
				GCC_DYNAMIC_NO_PIC = NO;
				GCC_NO_COMMON_BLOCKS = YES;
				GCC_OPTIMIZATION_LEVEL = 0;
				GCC_PREPROCESSOR_DEFINITIONS = (
					"DEBUG=1",
					"$(inherited)",
				);
				GCC_WARN_64_TO_32_BIT_CONVERSION = YES;
				GCC_WARN_ABOUT_RETURN_TYPE = YES_ERROR;
				GCC_WARN_UNDECLARED_SELECTOR = YES;
				GCC_WARN_UNINITIALIZED_AUTOS = YES_AGGRESSIVE;
				GCC_WARN_UNUSED_FUNCTION = YES;
				GCC_WARN_UNUSED_VARIABLE = YES;
				MACOSX_DEPLOYMENT_TARGET = 10.13;
				MTL_ENABLE_DEBUG_INFO = YES;
				ONLY_ACTIVE_ARCH = YES;
				SDKROOT = macosx;
			};
			name = Debug;
		};
		DF4A100D22CA3BA90037E777 /* Release */ = {
			isa = XCBuildConfiguration;
			buildSettings = {
				ALWAYS_SEARCH_USER_PATHS = NO;
				CLANG_ANALYZER_NONNULL = YES;
				CLANG_ANALYZER_NUMBER_OBJECT_CONVERSION = YES_AGGRESSIVE;
				CLANG_CXX_LANGUAGE_STANDARD = "gnu++14";
				CLANG_CXX_LIBRARY = "libc++";
				CLANG_ENABLE_MODULES = YES;
				CLANG_ENABLE_OBJC_ARC = YES;
				CLANG_ENABLE_OBJC_WEAK = YES;
				CLANG_WARN_BLOCK_CAPTURE_AUTORELEASING = YES;
				CLANG_WARN_BOOL_CONVERSION = YES;
				CLANG_WARN_COMMA = YES;
				CLANG_WARN_CONSTANT_CONVERSION = YES;
				CLANG_WARN_DEPRECATED_OBJC_IMPLEMENTATIONS = YES;
				CLANG_WARN_DIRECT_OBJC_ISA_USAGE = YES_ERROR;
				CLANG_WARN_DOCUMENTATION_COMMENTS = YES;
				CLANG_WARN_EMPTY_BODY = YES;
				CLANG_WARN_ENUM_CONVERSION = YES;
				CLANG_WARN_INFINITE_RECURSION = YES;
				CLANG_WARN_INT_CONVERSION = YES;
				CLANG_WARN_NON_LITERAL_NULL_CONVERSION = YES;
				CLANG_WARN_OBJC_IMPLICIT_RETAIN_SELF = YES;
				CLANG_WARN_OBJC_LITERAL_CONVERSION = YES;
				CLANG_WARN_OBJC_ROOT_CLASS = YES_ERROR;
				CLANG_WARN_RANGE_LOOP_ANALYSIS = YES;
				CLANG_WARN_STRICT_PROTOTYPES = YES;
				CLANG_WARN_SUSPICIOUS_MOVE = YES;
				CLANG_WARN_UNGUARDED_AVAILABILITY = YES_AGGRESSIVE;
				CLANG_WARN_UNREACHABLE_CODE = YES;
				CLANG_WARN__DUPLICATE_METHOD_MATCH = YES;
				CODE_SIGN_IDENTITY = "-";
				COPY_PHASE_STRIP = NO;
				DEBUG_INFORMATION_FORMAT = "dwarf-with-dsym";
				ENABLE_NS_ASSERTIONS = NO;
				ENABLE_STRICT_OBJC_MSGSEND = YES;
				GCC_C_LANGUAGE_STANDARD = gnu11;
				GCC_NO_COMMON_BLOCKS = YES;
				GCC_WARN_64_TO_32_BIT_CONVERSION = YES;
				GCC_WARN_ABOUT_RETURN_TYPE = YES_ERROR;
				GCC_WARN_UNDECLARED_SELECTOR = YES;
				GCC_WARN_UNINITIALIZED_AUTOS = YES_AGGRESSIVE;
				GCC_WARN_UNUSED_FUNCTION = YES;
				GCC_WARN_UNUSED_VARIABLE = YES;
				MACOSX_DEPLOYMENT_TARGET = 10.13;
				MTL_ENABLE_DEBUG_INFO = NO;
				SDKROOT = macosx;
			};
			name = Release;
		};
		DF4A100F22CA3BA90037E777 /* Debug */ = {
			isa = XCBuildConfiguration;
			buildSettings = {
				ASSETCATALOG_COMPILER_APPICON_NAME = AppIcon;
				CODE_SIGN_STYLE = Automatic;
				COMBINE_HIDPI_IMAGES = YES;
				INFOPLIST_FILE = TestAVPlayerGPU/Info.plist;
				LD_RUNPATH_SEARCH_PATHS = (
					"$(inherited)",
					"@executable_path/../Frameworks",
				);
				PRODUCT_BUNDLE_IDENTIFIER = com.anomes.TestAVPlayerGPU;
				PRODUCT_NAME = "$(TARGET_NAME)";
			};
			name = Debug;
		};
		DF4A101022CA3BA90037E777 /* Release */ = {
			isa = XCBuildConfiguration;
			buildSettings = {
				ASSETCATALOG_COMPILER_APPICON_NAME = AppIcon;
				CODE_SIGN_STYLE = Automatic;
				COMBINE_HIDPI_IMAGES = YES;
				INFOPLIST_FILE = TestAVPlayerGPU/Info.plist;
				LD_RUNPATH_SEARCH_PATHS = (
					"$(inherited)",
					"@executable_path/../Frameworks",
				);
				PRODUCT_BUNDLE_IDENTIFIER = com.anomes.TestAVPlayerGPU;
				PRODUCT_NAME = "$(TARGET_NAME)";
			};
			name = Release;
		};
/* End XCBuildConfiguration section */

/* Begin XCConfigurationList section */
		DF4A0FF822CA3BA80037E777 /* Build configuration list for PBXProject "TestAVPlayerGPU" */ = {
			isa = XCConfigurationList;
			buildConfigurations = (
				DF4A100C22CA3BA90037E777 /* Debug */,
				DF4A100D22CA3BA90037E777 /* Release */,
			);
			defaultConfigurationIsVisible = 0;
			defaultConfigurationName = Release;
		};
		DF4A100E22CA3BA90037E777 /* Build configuration list for PBXNativeTarget "TestAVPlayerGPU" */ = {
			isa = XCConfigurationList;
			buildConfigurations = (
				DF4A100F22CA3BA90037E777 /* Debug */,
				DF4A101022CA3BA90037E777 /* Release */,
			);
			defaultConfigurationIsVisible = 0;
			defaultConfigurationName = Release;
		};
/* End XCConfigurationList section */
	};
	rootObject = DF4A0FF522CA3BA80037E777 /* Project object */;
}
